
Microsoft Visual Studio Solution File, Format Version 12.00
# Visual Studio Version 16
VisualStudioVersion = 16.0.32602.291
MinimumVisualStudioVersion = 10.0.40219.1
Project("{FAE04EC0-301F-11D3-BF4B-00C04F79EFBC}") = "MusicManager", "MusicManager\MusicManager.csproj", "{4C1FECFA-9855-4489-B58E-71062C49B603}"
EndProject
Project("{2150E333-8FDC-42A3-9474-1A3956D46DE8}") = "GitHub", "GitHub", "{73F097A0-3F2D-4DEC-AF33-FC1B92177185}"
	ProjectSection(SolutionItems) = preProject
		.gitignore = .gitignore
		README.md = README.md
	EndProjectSection
EndProject
Global
	GlobalSection(SolutionConfigurationPlatforms) = preSolution
		Debug|Any CPU = Debug|Any CPU
		Release|Any CPU = Release|Any CPU
	EndGlobalSection
	GlobalSection(ProjectConfigurationPlatforms) = postSolution
		{4C1FECFA-9855-4489-B58E-71062C49B603}.Debug|Any CPU.ActiveCfg = Debug|Any CPU
		{4C1FECFA-9855-4489-B58E-71062C49B603}.Debug|Any CPU.Build.0 = Debug|Any CPU
		{4C1FECFA-9855-4489-B58E-71062C49B603}.Release|Any CPU.ActiveCfg = Release|Any CPU
		{4C1FECFA-9855-4489-B58E-71062C49B603}.Release|Any CPU.Build.0 = Release|Any CPU
	EndGlobalSection
	GlobalSection(SolutionProperties) = preSolution
		HideSolutionNode = FALSE
	EndGlobalSection
	GlobalSection(ExtensibilityGlobals) = postSolution
		SolutionGuid = {87DFFD72-45A4-4F1D-A768-FB250ADDB38F}
	EndGlobalSection
EndGlobal
